{
  "requires": true,
  "lockfileVersion": 1,
  "dependencies": {
    "react-native-motion-manager": {
      "version": "0.0.7",
      "resolved": "https://registry.npmjs.org/react-native-motion-manager/-/react-native-motion-manager-0.0.7.tgz",
      "integrity": "sha512-/t/36wE4D++WuqpUAJ4NldCJLJ3BZo4OTl8VnWSqVKwSwD7RkvAzV8M7LFYiUGHSFM8mXB7/zGyFJEp9/Tr49g=="
    }
  }
}
